// !$*UTF8*$!
{
	archiveVersion = 1;
	classes = {
	};
	objectVersion = 46;
	objects = {

/* Begin PBXBuildFile section */
		410F58F1156D82A300D8124E /* UIKit.framework in Frameworks */ = {isa = PBXBuildFile; fileRef = 410F58F0156D82A300D8124E /* UIKit.framework */; };
		410F58F3156D82A300D8124E /* Foundation.framework in Frameworks */ = {isa = PBXBuildFile; fileRef = 410F58F2156D82A300D8124E /* Foundation.framework */; };
		410F58F5156D82A300D8124E /* CoreGraphics.framework in Frameworks */ = {isa = PBXBuildFile; fileRef = 410F58F4156D82A300D8124E /* CoreGraphics.framework */; };
		410F58FB156D82A300D8124E /* InfoPlist.strings in Resources */ = {isa = PBXBuildFile; fileRef = 410F58F9156D82A300D8124E /* InfoPlist.strings */; };
		410F58FD156D82A300D8124E /* main.m in Sources */ = {isa = PBXBuildFile; fileRef = 410F58FC156D82A300D8124E /* main.m */; };
		410F5901156D82A300D8124E /* SoundRecAppDelegate.m in Sources */ = {isa = PBXBuildFile; fileRef = 410F5900156D82A300D8124E /* SoundRecAppDelegate.m */; };
		410F5904156D82A300D8124E /* MainStoryboard.storyboard in Resources */ = {isa = PBXBuildFile; fileRef = 410F5902156D82A300D8124E /* MainStoryboard.storyboard */; };
		410F5907156D82A300D8124E /* SoundRecViewController.m in Sources */ = {isa = PBXBuildFile; fileRef = 410F5906156D82A300D8124E /* SoundRecViewController.m */; };
/* End PBXBuildFile section */

/* Begin PBXFileReference section */
		410F58EC156D82A300D8124E /* SoundRec.app */ = {isa = PBXFileReference; explicitFileType = wrapper.application; includeInIndex = 0; path = SoundRec.app; sourceTree = BUILT_PRODUCTS_DIR; };
		410F58F0156D82A300D8124E /* UIKit.framework */ = {isa = PBXFileReference; lastKnownFileType = wrapper.framework; name = UIKit.framework; path = System/Library/Frameworks/UIKit.framework; sourceTree = SDKROOT; };
		410F58F2156D82A300D8124E /* Foundation.framework */ = {isa = PBXFileReference; lastKnownFileType = wrapper.framework; name = Foundation.framework; path = System/Library/Frameworks/Foundation.framework; sourceTree = SDKROOT; };
		410F58F4156D82A300D8124E /* CoreGraphics.framework */ = {isa = PBXFileReference; lastKnownFileType = wrapper.framework; name = CoreGraphics.framework; path = System/Library/Frameworks/CoreGraphics.framework; sourceTree = SDKROOT; };
		410F58F8156D82A300D8124E /* SoundRec-Info.plist */ = {isa = PBXFileReference; path = "SoundRec-Info.plist"; sourceTree = "<group>"; };
		410F58FA156D82A300D8124E /* en */ = {isa = PBXFileReference; lastKnownFileType = text.plist.strings; name = en; path = en.lproj/InfoPlist.strings; sourceTree = "<group>"; };
		410F58FC156D82A300D8124E /* main.m */ = {isa = PBXFileReference; lastKnownFileType = sourcecode.c.objc; path = main.m; sourceTree = "<group>"; };
		410F58FE156D82A300D8124E /* SoundRec-Prefix.pch */ = {isa = PBXFileReference; path = "SoundRec-Prefix.pch"; sourceTree = "<group>"; };
		410F58FF156D82A300D8124E /* SoundRecAppDelegate.h */ = {isa = PBXFileReference; path = SoundRecAppDelegate.h; sourceTree = "<group>"; };
		410F5900156D82A300D8124E /* SoundRecAppDelegate.m */ = {isa = PBXFileReference; lastKnownFileType = sourcecode.c.objc; path = SoundRecAppDelegate.m; sourceTree = "<group>"; };
		410F5903156D82A300D8124E /* en */ = {isa = PBXFileReference; lastKnownFileType = file.storyboard; name = en; path = en.lproj/MainStoryboard.storyboard; sourceTree = "<group>"; };
		410F5905156D82A300D8124E /* SoundRecViewController.h */ = {isa = PBXFileReference; path = SoundRecViewController.h; sourceTree = "<group>"; };
		410F5906156D82A300D8124E /* SoundRecViewController.m */ = {isa = PBXFileReference; lastKnownFileType = sourcecode.c.objc; path = SoundRecViewController.m; sourceTree = "<group>"; };
/* End PBXFileReference section */

/* Begin PBXFrameworksBuildPhase section */
		410F58E9156D82A300D8124E /* Frameworks */ = {
			isa = PBXFrameworksBuildPhase;
			buildActionMask = 2147483647;
			files = (
				410F58F1156D82A300D8124E /* UIKit.framework in Frameworks */,
				410F58F3156D82A300D8124E /* Foundation.framework in Frameworks */,
				410F58F5156D82A300D8124E /* CoreGraphics.framework in Frameworks */,
			);
			runOnlyForDeploymentPostprocessing = 0;
		};
/* End PBXFrameworksBuildPhase section */

/* Begin PBXGroup section */
		410F58E1156D82A300D8124E = {
			isa = PBXGroup;
			children = (
				410F58F6156D82A300D8124E /* SoundRec */,
				410F58EF156D82A300D8124E /* Frameworks */,
				410F58ED156D82A300D8124E /* Products */,
			);
			sourceTree = "<group>";
		};
		410F58ED156D82A300D8124E /* Products */ = {
			isa = PBXGroup;
			children = (
				410F58EC156D82A300D8124E /* SoundRec.app */,
			);
			name = Products;
			sourceTree = "<group>";
		};
		410F58EF156D82A300D8124E /* Frameworks */ = {
			isa = PBXGroup;
			children = (
				410F58F0156D82A300D8124E /* UIKit.framework */,
				410F58F2156D82A300D8124E /* Foundation.framework */,
				410F58F4156D82A300D8124E /* CoreGraphics.framework */,
			);
			name = Frameworks;
			sourceTree = "<group>";
		};
		410F58F6156D82A300D8124E /* SoundRec */ = {
			isa = PBXGroup;
			children = (
				410F58FF156D82A300D8124E /* SoundRecAppDelegate.h */,
				410F5900156D82A300D8124E /* SoundRecAppDelegate.m */,
				410F5902156D82A300D8124E /* MainStoryboard.storyboard */,
				410F5905156D82A300D8124E /* SoundRecViewController.h */,
				410F5906156D82A300D8124E /* SoundRecViewController.m */,
				410F58F7156D82A300D8124E /* Supporting Files */,
			);
			path = SoundRec;
			sourceTree = "<group>";
		};
		410F58F7156D82A300D8124E /* Supporting Files */ = {
			isa = PBXGroup;
			children = (
				410F58F8156D82A300D8124E /* SoundRec-Info.plist */,
				410F58F9156D82A300D8124E /* InfoPlist.strings */,
				410F58FC156D82A300D8124E /* main.m */,
				410F58FE156D82A300D8124E /* SoundRec-Prefix.pch */,
			);
			name = "Supporting Files";
			sourceTree = "<group>";
		};
/* End PBXGroup section */

/* Begin PBXNativeTarget section */
		410F58EB156D82A300D8124E /* SoundRec */ = {
			isa = PBXNativeTarget;
			buildConfigurationList = 410F590A156D82A300D8124E /* Build configuration list for PBXNativeTarget "SoundRec" */;
			buildPhases = (
				410F58E8156D82A300D8124E /* Sources */,
				410F58E9156D82A300D8124E /* Frameworks */,
				410F58EA156D82A300D8124E /* Resources */,
			);
			buildRules = (
			);
			dependencies = (
			);
			name = SoundRec;
			productName = SoundRec;
			productReference = 410F58EC156D82A300D8124E /* SoundRec.app */;
			productType = "com.apple.product-type.application";
		};
/* End PBXNativeTarget section */

/* Begin PBXProject section */
		410F58E3156D82A300D8124E /* Project object */ = {
			isa = PBXProject;
			attributes = {
				CLASSPREFIX = SoundRec;
				LastUpgradeCheck = 0430;
			};
			buildConfigurationList = 410F58E6156D82A300D8124E /* Build configuration list for PBXProject "SoundRec" */;
			compatibilityVersion = "Xcode 3.2";
			developmentRegion = English;
			hasScannedForEncodings = 0;
			knownRegions = (
				en,
			);
			mainGroup = 410F58E1156D82A300D8124E;
			productRefGroup = 410F58ED156D82A300D8124E /* Products */;
			projectDirPath = "";
			projectRoot = "";
			targets = (
				410F58EB156D82A300D8124E /* SoundRec */,
			);
		};
/* End PBXProject section */

/* Begin PBXResourcesBuildPhase section */
		410F58EA156D82A300D8124E /* Resources */ = {
			isa = PBXResourcesBuildPhase;
			buildActionMask = 2147483647;
			files = (
				410F58FB156D82A300D8124E /* InfoPlist.strings in Resources */,
				410F5904156D82A300D8124E /* MainStoryboard.storyboard in Resources */,
			);
			runOnlyForDeploymentPostprocessing = 0;
		};
/* End PBXResourcesBuildPhase section */

/* Begin PBXSourcesBuildPhase section */
		410F58E8156D82A300D8124E /* Sources */ = {
			isa = PBXSourcesBuildPhase;
			buildActionMask = 2147483647;
			files = (
				410F58FD156D82A300D8124E /* main.m in Sources */,
				410F5901156D82A300D8124E /* SoundRecAppDelegate.m in Sources */,
				410F5907156D82A300D8124E /* SoundRecViewController.m in Sources */,
			);
			runOnlyForDeploymentPostprocessing = 0;
		};
/* End PBXSourcesBuildPhase section */

/* Begin PBXVariantGroup section */
		410F58F9156D82A300D8124E /* InfoPlist.strings */ = {
			isa = PBXVariantGroup;
			children = (
				410F58FA156D82A300D8124E /* en */,
			);
			name = InfoPlist.strings;
			sourceTree = "<group>";
		};
		410F5902156D82A300D8124E /* MainStoryboard.storyboard */ = {
			isa = PBXVariantGroup;
			children = (
				410F5903156D82A300D8124E /* en */,
			);
			name = MainStoryboard.storyboard;
			sourceTree = "<group>";
		};
/* End PBXVariantGroup section */

/* Begin XCBuildConfiguration section */
		410F5908156D82A300D8124E /* Debug */ = {
			isa = XCBuildConfiguration;
			buildSettings = {
				ALWAYS_SEARCH_USER_PATHS = NO;
				ARCHS = "$(ARCHS_STANDARD_32_BIT)";
				CLANG_ENABLE_OBJC_ARC = YES;
				"CODE_SIGN_IDENTITY[sdk=iphoneos*]" = "iPhone Developer";
				COPY_PHASE_STRIP = NO;
				GCC_C_LANGUAGE_STANDARD = gnu99;
				GCC_DYNAMIC_NO_PIC = NO;
				GCC_OPTIMIZATION_LEVEL = 0;
				GCC_PREPROCESSOR_DEFINITIONS = (
					"DEBUG=1",
					"$(inherited)",
				);
				GCC_SYMBOLS_PRIVATE_EXTERN = NO;
				GCC_VERSION = com.apple.compilers.llvm.clang.1_0;
				GCC_WARN_ABOUT_RETURN_TYPE = YES;
				GCC_WARN_UNINITIALIZED_AUTOS = YES;
				GCC_WARN_UNUSED_VARIABLE = YES;
				IPHONEOS_DEPLOYMENT_TARGET = 5.1;
				SDKROOT = iphoneos;
			};
			name = Debug;
		};
		410F5909156D82A300D8124E /* Release */ = {
			isa = XCBuildConfiguration;
			buildSettings = {
				ALWAYS_SEARCH_USER_PATHS = NO;
				ARCHS = "$(ARCHS_STANDARD_32_BIT)";
				CLANG_ENABLE_OBJC_ARC = YES;
				"CODE_SIGN_IDENTITY[sdk=iphoneos*]" = "iPhone Developer";
				COPY_PHASE_STRIP = YES;
				GCC_C_LANGUAGE_STANDARD = gnu99;
				GCC_VERSION = com.apple.compilers.llvm.clang.1_0;
				GCC_WARN_ABOUT_RETURN_TYPE = YES;
				GCC_WARN_UNINITIALIZED_AUTOS = YES;
				GCC_WARN_UNUSED_VARIABLE = YES;
				IPHONEOS_DEPLOYMENT_TARGET = 5.1;
				OTHER_CFLAGS = "-DNS_BLOCK_ASSERTIONS=1";
				SDKROOT = iphoneos;
				VALIDATE_PRODUCT = YES;
			};
			name = Release;
		};
		410F590B156D82A300D8124E /* Debug */ = {
			isa = XCBuildConfiguration;
			buildSettings = {
				GCC_PRECOMPILE_PREFIX_HEADER = YES;
				GCC_PREFIX_HEADER = "SoundRec/SoundRec-Prefix.pch";
				INFOPLIST_FILE = "SoundRec/SoundRec-Info.plist";
				PRODUCT_NAME = "$(TARGET_NAME)";
				WRAPPER_EXTENSION = app;
			};
			name = Debug;
		};
		410F590C156D82A300D8124E /* Release */ = {
			isa = XCBuildConfiguration;
			buildSettings = {
				GCC_PRECOMPILE_PREFIX_HEADER = YES;
				GCC_PREFIX_HEADER = "SoundRec/SoundRec-Prefix.pch";
				INFOPLIST_FILE = "SoundRec/SoundRec-Info.plist";
				PRODUCT_NAME = "$(TARGET_NAME)";
				WRAPPER_EXTENSION = app;
			};
			name = Release;
		};
/* End XCBuildConfiguration section */

/* Begin XCConfigurationList section */
		410F58E6156D82A300D8124E /* Build configuration list for PBXProject "SoundRec" */ = {
			isa = XCConfigurationList;
			buildConfigurations = (
				410F5908156D82A300D8124E /* Debug */,
				410F5909156D82A300D8124E /* Release */,
			);
			defaultConfigurationIsVisible = 0;
			defaultConfigurationName = Release;
		};
		410F590A156D82A300D8124E /* Build configuration list for PBXNativeTarget "SoundRec" */ = {
			isa = XCConfigurationList;
			buildConfigurations = (
				410F590B156D82A300D8124E /* Debug */,
				410F590C156D82A300D8124E /* Release */,
			);
			defaultConfigurationIsVisible = 0;
		};
/* End XCConfigurationList section */
	};
	rootObject = 410F58E3156D82A300D8124E /* Project object */;
}
